
Microsoft Visual Studio Solution File, Format Version 12.00
Project("{FAE04EC0-301F-11D3-BF4B-00C04F79EFBC}") = "Patterns", "..\backend-ReMnx\Patterns\Patterns.csproj", "{4257B8F9-CCD5-41F9-B36E-26D67CBD69CD}"
EndProject
Project("{2150E333-8FDC-42A3-9474-1A3956D46DE8}") = "5. Shared", "5. Shared", "{D106EC42-15EE-455F-82B2-0DAF39A4DA0B}"
EndProject
Project("{2150E333-8FDC-42A3-9474-1A3956D46DE8}") = "1. Ent Business Rules", "1. Ent Business Rules", "{706C5509-D02B-406E-B586-11FA05AE1F55}"
EndProject
Project("{2150E333-8FDC-42A3-9474-1A3956D46DE8}") = "2. App Business Rules", "2. App Business Rules", "{9EB6F6D3-422B-411D-AB05-47295F9ED0E1}"
EndProject
Project("{2150E333-8FDC-42A3-9474-1A3956D46DE8}") = "3. Interface Adapters", "3. Interface Adapters", "{E3DBB23D-3589-484A-B485-721168925142}"
EndProject
Project("{2150E333-8FDC-42A3-9474-1A3956D46DE8}") = "4. Frameworks and Drivers", "4. Frameworks and Drivers", "{3D573A74-3F14-4C42-9CDA-B3C3A7CBF373}"
EndProject
Global
	GlobalSection(SolutionConfigurationPlatforms) = preSolution
		Debug|Any CPU = Debug|Any CPU
		Release|Any CPU = Release|Any CPU
	EndGlobalSection
	GlobalSection(ProjectConfigurationPlatforms) = postSolution
		{4257B8F9-CCD5-41F9-B36E-26D67CBD69CD}.Debug|Any CPU.ActiveCfg = Debug|Any CPU
		{4257B8F9-CCD5-41F9-B36E-26D67CBD69CD}.Debug|Any CPU.Build.0 = Debug|Any CPU
		{4257B8F9-CCD5-41F9-B36E-26D67CBD69CD}.Release|Any CPU.ActiveCfg = Release|Any CPU
		{4257B8F9-CCD5-41F9-B36E-26D67CBD69CD}.Release|Any CPU.Build.0 = Release|Any CPU
	EndGlobalSection
	GlobalSection(NestedProjects) = preSolution
		{4257B8F9-CCD5-41F9-B36E-26D67CBD69CD} = {D106EC42-15EE-455F-82B2-0DAF39A4DA0B}
	EndGlobalSection
EndGlobal
